{
    "_readme": [
        "This file locks the dependencies of your project to a known state",
        "Read more about it at https://getcomposer.org/doc/01-basic-usage.md#installing-dependencies",
        "This file is @generated automatically"
    ],
    "content-hash": "a6f0335deac46f2463257afb7f23a2bb",
    "packages": [
        {
            "name": "easy-route/easy-route",
            "version": "v2.0",
            "source": {
                "type": "git",
                "url": "https://github.com/fsoaresjunior/easy-route.git",
                "reference": "87705d4f7b4121731dd82fa2e8eed0399fa3a3e6"
            },
            "dist": {
                "type": "zip",
                "url": "https://api.github.com/repos/fsoaresjunior/easy-route/zipball/87705d4f7b4121731dd82fa2e8eed0399fa3a3e6",
                "reference": "87705d4f7b4121731dd82fa2e8eed0399fa3a3e6",
                "shasum": ""
            },
            "require": {
                "php": ">=7.0"
            },
            "type": "library",
            "autoload": {
                "psr-4": {
                    "EasyRoute\\": "src/"
                }
            },
            "notification-url": "https://packagist.org/downloads/",
            "license": [
                "MIT"
            ],
            "authors": [
                {
                    "name": "Antonio Erandir Feitosa Soares Junior",
                    "email": "aefs12junior@gmail.com"
                }
            ],
            "description": "Easy router for PHP",
            "support": {
                "issues": "https://github.com/fsoaresjunior/easy-route/issues",
                "source": "https://github.com/fsoaresjunior/easy-route/tree/master"
            },
            "abandoned": "erandir/plug-route",
            "time": "2018-06-30T21:09:58+00:00"
        },
        {
            "name": "erandir/plug-route",
            "version": "v4.6",
            "source": {
                "type": "git",
                "url": "https://github.com/erandirjunior/plug-route.git",
                "reference": "c7af055d40ec7312218fcdbd218dfa4550270a07"
            },
            "dist": {
                "type": "zip",
                "url": "https://api.github.com/repos/erandirjunior/plug-route/zipball/c7af055d40ec7312218fcdbd218dfa4550270a07",
                "reference": "c7af055d40ec7312218fcdbd218dfa4550270a07",
                "shasum": ""
            },
            "require": {
                "php": ">= 7.4"
            },
            "require-dev": {
                "phpunit/phpunit": "9.5.21"
            },
            "type": "library",
            "autoload": {
                "psr-4": {
                    "PlugRoute\\": "src/"
                }
            },
            "notification-url": "https://packagist.org/downloads/",
            "license": [
                "MIT"
            ],
            "authors": [
                {
                    "name": "Antonio Erandir Feitosa Soares Junior",
                    "email": "aefs12junior@gmail.com"
                }
            ],
            "description": "Route library for php",
            "support": {
                "issues": "https://github.com/erandirjunior/plug-route/issues",
                "source": "https://github.com/erandirjunior/plug-route/tree/v4.6"
            },
            "time": "2022-08-12T14:42:41+00:00"
        },
        {
            "name": "league/plates",
            "version": "v3.5.0",
            "source": {
                "type": "git",
                "url": "https://github.com/thephpleague/plates.git",
                "reference": "a6a3238e46c6e19af7318fdc36bfbe49b0620231"
            },
            "dist": {
                "type": "zip",
                "url": "https://api.github.com/repos/thephpleague/plates/zipball/a6a3238e46c6e19af7318fdc36bfbe49b0620231",
                "reference": "a6a3238e46c6e19af7318fdc36bfbe49b0620231",
                "shasum": ""
            },
            "require": {
                "php": "^7.0|^8.0"
            },
            "require-dev": {
                "mikey179/vfsstream": "^1.6",
                "phpunit/phpunit": "^9.5",
                "squizlabs/php_codesniffer": "^3.5"
            },
            "type": "library",
            "extra": {
                "branch-alias": {
                    "dev-master": "3.0-dev"
                }
            },
            "autoload": {
                "psr-4": {
                    "League\\Plates\\": "src"
                }
            },
            "notification-url": "https://packagist.org/downloads/",
            "license": [
                "MIT"
            ],
            "authors": [
                {
                    "name": "Jonathan Reinink",
                    "email": "jonathan@reinink.ca",
                    "role": "Developer"
                },
                {
                    "name": "RJ Garcia",
                    "email": "ragboyjr@icloud.com",
                    "role": "Developer"
                }
            ],
            "description": "Plates, the native PHP template system that's fast, easy to use and easy to extend.",
            "homepage": "https://platesphp.com",
            "keywords": [
                "league",
                "package",
                "templates",
                "templating",
                "views"
            ],
            "support": {
                "issues": "https://github.com/thephpleague/plates/issues",
                "source": "https://github.com/thephpleague/plates/tree/v3.5.0"
            },
            "time": "2023-01-16T20:25:45+00:00"
        },
        {
            "name": "windwalker/renderer",
            "version": "4.0.27",
            "source": {
                "type": "git",
                "url": "https://github.com/windwalker-io/renderer.git",
                "reference": "67f5908df3e8076c5aca2261c6e1222103cff364"
            },
            "dist": {
                "type": "zip",
                "url": "https://api.github.com/repos/windwalker-io/renderer/zipball/67f5908df3e8076c5aca2261c6e1222103cff364",
                "reference": "67f5908df3e8076c5aca2261c6e1222103cff364",
                "shasum": ""
            },
            "require": {
                "php": ">=8.0.0",
                "windwalker/utilities": "^4.0"
            },
            "require-dev": {
                "illuminate/view": "^6.0||^7.0||^8.0||^9.0||^10.0",
                "league/plates": "^3.4",
                "mustache/mustache": "^2.0",
                "phpunit/phpunit": "^8.0||^9.0||^10.0",
                "twig/twig": "^2.0",
                "windwalker/dom": "^4.0",
                "windwalker/filesystem": "^4.0",
                "windwalker/test": "^4.0"
            },
            "type": "windwalker-package",
            "extra": {
                "windwalker": {
                    "packages": [
                        "Windwalker\\Renderer\\RendererPackage"
                    ]
                },
                "branch-alias": {
                    "dev-master": "4.x-dev"
                }
            },
            "autoload": {
                "files": [
                    "src/bootstrap.php"
                ],
                "psr-4": {
                    "Windwalker\\Renderer\\": "src/"
                }
            },
            "notification-url": "https://packagist.org/downloads/",
            "license": [
                "MIT"
            ],
            "description": "Windwalker Renderer package",
            "homepage": "https://github.com/windwalker-io/renderer",
            "keywords": [
                "blade",
                "edge",
                "framework",
                "mustach",
                "plates",
                "renderer",
                "windwalker"
            ],
            "support": {
                "issues": "https://github.com/windwalker-io/renderer/issues",
                "source": "https://github.com/windwalker-io/renderer/tree/4.0.27"
            },
            "time": "2023-05-28T14:55:55+00:00"
        },
        {
            "name": "windwalker/utilities",
            "version": "4.0.27",
            "source": {
                "type": "git",
                "url": "https://github.com/windwalker-io/utilities.git",
                "reference": "fb9aab745bc1b82ad59fefe7a8a4a34fe98c5de6"
            },
            "dist": {
                "type": "zip",
                "url": "https://api.github.com/repos/windwalker-io/utilities/zipball/fb9aab745bc1b82ad59fefe7a8a4a34fe98c5de6",
                "reference": "fb9aab745bc1b82ad59fefe7a8a4a34fe98c5de6",
                "shasum": ""
            },
            "require": {
                "php": ">=8.0.0"
            },
            "require-dev": {
                "myclabs/php-enum": "^1.8",
                "phpunit/phpunit": "^8.0||^9.0||^10.0",
                "symfony/options-resolver": "^5.0||^6.0",
                "symfony/string": "^5.2||^6.0",
                "windwalker/attributes": "^4.0",
                "windwalker/scalars": "^4.0",
                "windwalker/test": "^4.0"
            },
            "suggest": {
                "laravel/serializable-closure": "Install ^1.0 to support serializable Closure.",
                "symfony/string": "Install to use inflector."
            },
            "type": "windwalker-package",
            "extra": {
                "branch-alias": {
                    "dev-master": "4.x-dev"
                }
            },
            "autoload": {
                "files": [
                    "src/bootstrap.php"
                ],
                "psr-4": {
                    "Windwalker\\Utilities\\": "src/"
                }
            },
            "notification-url": "https://packagist.org/downloads/",
            "license": [
                "MIT"
            ],
            "description": "Windwalker Utilities package",
            "homepage": "https://github.com/windwalker-io/utilities",
            "keywords": [
                "framework",
                "utilities",
                "windwalker"
            ],
            "support": {
                "issues": "https://github.com/windwalker-io/utilities/issues",
                "source": "https://github.com/windwalker-io/utilities/tree/4.0.27"
            },
            "time": "2023-05-28T15:01:40+00:00"
        }
    ],
    "packages-dev": [],
    "aliases": [],
    "minimum-stability": "stable",
    "stability-flags": [],
    "prefer-stable": false,
    "prefer-lowest": false,
    "platform": {
        "php": ">=5.4"
    },
    "platform-dev": [],
    "plugin-api-version": "2.2.0"
}
